
Microsoft Visual Studio Solution File, Format Version 12.00
# Visual Studio Version 17
VisualStudioVersion = 17.10.35122.118
MinimumVisualStudioVersion = 10.0.40219.1
Project("{FAE04EC0-301F-11D3-BF4B-00C04F79EFBC}") = "170924-3", "170924-3\170924-3.csproj", "{02152E75-A6D2-4C3A-BFE9-11EF41E08138}"
EndProject
Global
	GlobalSection(SolutionConfigurationPlatforms) = preSolution
		Debug|Any CPU = Debug|Any CPU
		Release|Any CPU = Release|Any CPU
	EndGlobalSection
	GlobalSection(ProjectConfigurationPlatforms) = postSolution
		{02152E75-A6D2-4C3A-BFE9-11EF41E08138}.Debug|Any CPU.ActiveCfg = Debug|Any CPU
		{02152E75-A6D2-4C3A-BFE9-11EF41E08138}.Debug|Any CPU.Build.0 = Debug|Any CPU
		{02152E75-A6D2-4C3A-BFE9-11EF41E08138}.Release|Any CPU.ActiveCfg = Release|Any CPU
		{02152E75-A6D2-4C3A-BFE9-11EF41E08138}.Release|Any CPU.Build.0 = Release|Any CPU
	EndGlobalSection
	GlobalSection(SolutionProperties) = preSolution
		HideSolutionNode = FALSE
	EndGlobalSection
	GlobalSection(ExtensibilityGlobals) = postSolution
		SolutionGuid = {1050A3FD-CA6F-4B6C-88CB-4B9F3D85CC0A}
	EndGlobalSection
EndGlobal
